// !$*UTF8*$!
{
	archiveVersion = 1;
	classes = {
	};
	objectVersion = 56;
	objects = {

/* Begin PBXBuildFile section */
		F859B9CE2C92E478004991CD /* AppDelegate.swift in Sources */ = {isa = PBXBuildFile; fileRef = F859B9CD2C92E478004991CD /* AppDelegate.swift */; };
		F859B9D02C92E478004991CD /* SceneDelegate.swift in Sources */ = {isa = PBXBuildFile; fileRef = F859B9CF2C92E478004991CD /* SceneDelegate.swift */; };
		F859B9D22C92E478004991CD /* AppListViewController.swift in Sources */ = {isa = PBXBuildFile; fileRef = F859B9D12C92E478004991CD /* AppListViewController.swift */; };
		F859B9D72C92E47A004991CD /* Assets.xcassets in Resources */ = {isa = PBXBuildFile; fileRef = F859B9D62C92E47A004991CD /* Assets.xcassets */; };
		F859B9E52C92E47B004991CD /* AppStoreTests.swift in Sources */ = {isa = PBXBuildFile; fileRef = F859B9E42C92E47B004991CD /* AppStoreTests.swift */; };
		F859B9EF2C92E47B004991CD /* AppStoreUITests.swift in Sources */ = {isa = PBXBuildFile; fileRef = F859B9EE2C92E47B004991CD /* AppStoreUITests.swift */; };
		F859B9F12C92E47B004991CD /* AppStoreUITestsLaunchTests.swift in Sources */ = {isa = PBXBuildFile; fileRef = F859B9F02C92E47B004991CD /* AppStoreUITestsLaunchTests.swift */; };
		F859BA002C92E644004991CD /* NetworkManager.swift in Sources */ = {isa = PBXBuildFile; fileRef = F859B9FF2C92E644004991CD /* NetworkManager.swift */; };
		F859BA132C92E770004991CD /* NetworkError.swift in Sources */ = {isa = PBXBuildFile; fileRef = F859BA122C92E770004991CD /* NetworkError.swift */; };
		F859BA162C92E7C5004991CD /* NetworkResponse.swift in Sources */ = {isa = PBXBuildFile; fileRef = F859BA152C92E7C5004991CD /* NetworkResponse.swift */; };
		F859BA182C92E7FE004991CD /* AppNetwork.swift in Sources */ = {isa = PBXBuildFile; fileRef = F859BA172C92E7FE004991CD /* AppNetwork.swift */; };
		F859BA1A2C92EB61004991CD /* AppListItem.swift in Sources */ = {isa = PBXBuildFile; fileRef = F859BA192C92EB61004991CD /* AppListItem.swift */; };
		F859BA1E2C92EBCF004991CD /* AppDetailItem.swift in Sources */ = {isa = PBXBuildFile; fileRef = F859BA1D2C92EBCF004991CD /* AppDetailItem.swift */; };
		F859BA332C92EE26004991CD /* RxSwift in Frameworks */ = {isa = PBXBuildFile; productRef = F859BA322C92EE26004991CD /* RxSwift */; };
		F859BA352C92EE2B004991CD /* RxCocoa in Frameworks */ = {isa = PBXBuildFile; productRef = F859BA342C92EE2B004991CD /* RxCocoa */; };
		F859BA372C92EE2D004991CD /* RxRelay in Frameworks */ = {isa = PBXBuildFile; productRef = F859BA362C92EE2D004991CD /* RxRelay */; };
		F859BA392C92EE37004991CD /* Alamofire in Frameworks */ = {isa = PBXBuildFile; productRef = F859BA382C92EE37004991CD /* Alamofire */; };
		F859BA3B2C92EE3A004991CD /* SnapKit in Frameworks */ = {isa = PBXBuildFile; productRef = F859BA3A2C92EE3A004991CD /* SnapKit */; };
		F859BAD62C93FCEF004991CD /* UserDefaultValues.swift in Sources */ = {isa = PBXBuildFile; fileRef = F859BAD52C93FCEF004991CD /* UserDefaultValues.swift */; };
		F859BAD92C93FD6F004991CD /* AppRepository.swift in Sources */ = {isa = PBXBuildFile; fileRef = F859BAD82C93FD6F004991CD /* AppRepository.swift */; };
		F859BADC2C93FF36004991CD /* AppRepositoryProtocol.swift in Sources */ = {isa = PBXBuildFile; fileRef = F859BADB2C93FF36004991CD /* AppRepositoryProtocol.swift */; };
		F859BADF2C93FF76004991CD /* AppSearchUsecase.swift in Sources */ = {isa = PBXBuildFile; fileRef = F859BADE2C93FF76004991CD /* AppSearchUsecase.swift */; };
		F859BAE22C9404A2004991CD /* AppListViewModel.swift in Sources */ = {isa = PBXBuildFile; fileRef = F859BAE12C9404A2004991CD /* AppListViewModel.swift */; };
		F859BAE52C9416EF004991CD /* SearchTextField.swift in Sources */ = {isa = PBXBuildFile; fileRef = F859BAE42C9416EF004991CD /* SearchTextField.swift */; };
		F859BAE82C942497004991CD /* QueryListItemTableViewCell.swift in Sources */ = {isa = PBXBuildFile; fileRef = F859BAE72C942497004991CD /* QueryListItemTableViewCell.swift */; };
		F859BB102C943654004991CD /* QueryListItemHeaderTableViewCell.swift in Sources */ = {isa = PBXBuildFile; fileRef = F859BB0F2C943654004991CD /* QueryListItemHeaderTableViewCell.swift */; };
		F8F71E062C9523D7006795D3 /* FilteredQueryListItemTableViewCell.swift in Sources */ = {isa = PBXBuildFile; fileRef = F8F71E052C9523D7006795D3 /* FilteredQueryListItemTableViewCell.swift */; };
/* End PBXBuildFile section */

/* Begin PBXContainerItemProxy section */
		F859B9E12C92E47B004991CD /* PBXContainerItemProxy */ = {
			isa = PBXContainerItemProxy;
			containerPortal = F859B9C22C92E478004991CD /* Project object */;
			proxyType = 1;
			remoteGlobalIDString = F859B9C92C92E478004991CD;
			remoteInfo = AppStore;
		};
		F859B9EB2C92E47B004991CD /* PBXContainerItemProxy */ = {
			isa = PBXContainerItemProxy;
			containerPortal = F859B9C22C92E478004991CD /* Project object */;
			proxyType = 1;
			remoteGlobalIDString = F859B9C92C92E478004991CD;
			remoteInfo = AppStore;
		};
/* End PBXContainerItemProxy section */

/* Begin PBXCopyFilesBuildPhase section */
		F859BA2B2C92ED73004991CD /* Embed Frameworks */ = {
			isa = PBXCopyFilesBuildPhase;
			buildActionMask = 2147483647;
			dstPath = "";
			dstSubfolderSpec = 10;
			files = (
			);
			name = "Embed Frameworks";
			runOnlyForDeploymentPostprocessing = 0;
		};
/* End PBXCopyFilesBuildPhase section */

/* Begin PBXFileReference section */
		F859B9CA2C92E478004991CD /* AppStore.app */ = {isa = PBXFileReference; explicitFileType = wrapper.application; includeInIndex = 0; path = AppStore.app; sourceTree = BUILT_PRODUCTS_DIR; };
		F859B9CD2C92E478004991CD /* AppDelegate.swift */ = {isa = PBXFileReference; lastKnownFileType = sourcecode.swift; path = AppDelegate.swift; sourceTree = "<group>"; };
		F859B9CF2C92E478004991CD /* SceneDelegate.swift */ = {isa = PBXFileReference; lastKnownFileType = sourcecode.swift; path = SceneDelegate.swift; sourceTree = "<group>"; };
		F859B9D12C92E478004991CD /* AppListViewController.swift */ = {isa = PBXFileReference; lastKnownFileType = sourcecode.swift; path = AppListViewController.swift; sourceTree = "<group>"; };
		F859B9D62C92E47A004991CD /* Assets.xcassets */ = {isa = PBXFileReference; lastKnownFileType = folder.assetcatalog; path = Assets.xcassets; sourceTree = "<group>"; };
		F859B9DB2C92E47A004991CD /* Info.plist */ = {isa = PBXFileReference; lastKnownFileType = text.plist.xml; path = Info.plist; sourceTree = "<group>"; };
		F859B9E02C92E47B004991CD /* AppStoreTests.xctest */ = {isa = PBXFileReference; explicitFileType = wrapper.cfbundle; includeInIndex = 0; path = AppStoreTests.xctest; sourceTree = BUILT_PRODUCTS_DIR; };
		F859B9E42C92E47B004991CD /* AppStoreTests.swift */ = {isa = PBXFileReference; lastKnownFileType = sourcecode.swift; path = AppStoreTests.swift; sourceTree = "<group>"; };
		F859B9EA2C92E47B004991CD /* AppStoreUITests.xctest */ = {isa = PBXFileReference; explicitFileType = wrapper.cfbundle; includeInIndex = 0; path = AppStoreUITests.xctest; sourceTree = BUILT_PRODUCTS_DIR; };
		F859B9EE2C92E47B004991CD /* AppStoreUITests.swift */ = {isa = PBXFileReference; lastKnownFileType = sourcecode.swift; path = AppStoreUITests.swift; sourceTree = "<group>"; };
		F859B9F02C92E47B004991CD /* AppStoreUITestsLaunchTests.swift */ = {isa = PBXFileReference; lastKnownFileType = sourcecode.swift; path = AppStoreUITestsLaunchTests.swift; sourceTree = "<group>"; };
		F859B9FF2C92E644004991CD /* NetworkManager.swift */ = {isa = PBXFileReference; lastKnownFileType = sourcecode.swift; path = NetworkManager.swift; sourceTree = "<group>"; };
		F859BA122C92E770004991CD /* NetworkError.swift */ = {isa = PBXFileReference; lastKnownFileType = sourcecode.swift; path = NetworkError.swift; sourceTree = "<group>"; };
		F859BA152C92E7C5004991CD /* NetworkResponse.swift */ = {isa = PBXFileReference; lastKnownFileType = sourcecode.swift; path = NetworkResponse.swift; sourceTree = "<group>"; };
		F859BA172C92E7FE004991CD /* AppNetwork.swift */ = {isa = PBXFileReference; lastKnownFileType = sourcecode.swift; path = AppNetwork.swift; sourceTree = "<group>"; };
		F859BA192C92EB61004991CD /* AppListItem.swift */ = {isa = PBXFileReference; lastKnownFileType = sourcecode.swift; path = AppListItem.swift; sourceTree = "<group>"; };
		F859BA1D2C92EBCF004991CD /* AppDetailItem.swift */ = {isa = PBXFileReference; lastKnownFileType = sourcecode.swift; path = AppDetailItem.swift; sourceTree = "<group>"; };
		F859BAD52C93FCEF004991CD /* UserDefaultValues.swift */ = {isa = PBXFileReference; lastKnownFileType = sourcecode.swift; path = UserDefaultValues.swift; sourceTree = "<group>"; };
		F859BAD82C93FD6F004991CD /* AppRepository.swift */ = {isa = PBXFileReference; lastKnownFileType = sourcecode.swift; path = AppRepository.swift; sourceTree = "<group>"; };
		F859BADB2C93FF36004991CD /* AppRepositoryProtocol.swift */ = {isa = PBXFileReference; lastKnownFileType = sourcecode.swift; path = AppRepositoryProtocol.swift; sourceTree = "<group>"; };
		F859BADE2C93FF76004991CD /* AppSearchUsecase.swift */ = {isa = PBXFileReference; lastKnownFileType = sourcecode.swift; path = AppSearchUsecase.swift; sourceTree = "<group>"; };
		F859BAE12C9404A2004991CD /* AppListViewModel.swift */ = {isa = PBXFileReference; lastKnownFileType = sourcecode.swift; path = AppListViewModel.swift; sourceTree = "<group>"; };
		F859BAE42C9416EF004991CD /* SearchTextField.swift */ = {isa = PBXFileReference; lastKnownFileType = sourcecode.swift; path = SearchTextField.swift; sourceTree = "<group>"; };
		F859BAE72C942497004991CD /* QueryListItemTableViewCell.swift */ = {isa = PBXFileReference; lastKnownFileType = sourcecode.swift; path = QueryListItemTableViewCell.swift; sourceTree = "<group>"; };
		F859BB0F2C943654004991CD /* QueryListItemHeaderTableViewCell.swift */ = {isa = PBXFileReference; lastKnownFileType = sourcecode.swift; path = QueryListItemHeaderTableViewCell.swift; sourceTree = "<group>"; };
		F8F71E052C9523D7006795D3 /* FilteredQueryListItemTableViewCell.swift */ = {isa = PBXFileReference; lastKnownFileType = sourcecode.swift; path = FilteredQueryListItemTableViewCell.swift; sourceTree = "<group>"; };
/* End PBXFileReference section */

/* Begin PBXFrameworksBuildPhase section */
		F859B9C72C92E478004991CD /* Frameworks */ = {
			isa = PBXFrameworksBuildPhase;
			buildActionMask = 2147483647;
			files = (
				F859BA372C92EE2D004991CD /* RxRelay in Frameworks */,
				F859BA392C92EE37004991CD /* Alamofire in Frameworks */,
				F859BA352C92EE2B004991CD /* RxCocoa in Frameworks */,
				F859BA332C92EE26004991CD /* RxSwift in Frameworks */,
				F859BA3B2C92EE3A004991CD /* SnapKit in Frameworks */,
			);
			runOnlyForDeploymentPostprocessing = 0;
		};
		F859B9DD2C92E47B004991CD /* Frameworks */ = {
			isa = PBXFrameworksBuildPhase;
			buildActionMask = 2147483647;
			files = (
			);
			runOnlyForDeploymentPostprocessing = 0;
		};
		F859B9E72C92E47B004991CD /* Frameworks */ = {
			isa = PBXFrameworksBuildPhase;
			buildActionMask = 2147483647;
			files = (
			);
			runOnlyForDeploymentPostprocessing = 0;
		};
/* End PBXFrameworksBuildPhase section */

/* Begin PBXGroup section */
		F859B9C12C92E478004991CD = {
			isa = PBXGroup;
			children = (
				F859B9CC2C92E478004991CD /* AppStore */,
				F859B9E32C92E47B004991CD /* AppStoreTests */,
				F859B9ED2C92E47B004991CD /* AppStoreUITests */,
				F859B9CB2C92E478004991CD /* Products */,
				F859BA252C92ED2D004991CD /* Frameworks */,
			);
			sourceTree = "<group>";
		};
		F859B9CB2C92E478004991CD /* Products */ = {
			isa = PBXGroup;
			children = (
				F859B9CA2C92E478004991CD /* AppStore.app */,
				F859B9E02C92E47B004991CD /* AppStoreTests.xctest */,
				F859B9EA2C92E47B004991CD /* AppStoreUITests.xctest */,
			);
			name = Products;
			sourceTree = "<group>";
		};
		F859B9CC2C92E478004991CD /* AppStore */ = {
			isa = PBXGroup;
			children = (
				F859B9CD2C92E478004991CD /* AppDelegate.swift */,
				F859B9CF2C92E478004991CD /* SceneDelegate.swift */,
				F859BAE02C940491004991CD /* Presentation */,
				F859BA102C92E763004991CD /* Domain */,
				F859B9FD2C92E542004991CD /* Data */,
				F859B9D62C92E47A004991CD /* Assets.xcassets */,
				F859B9DB2C92E47A004991CD /* Info.plist */,
			);
			path = AppStore;
			sourceTree = "<group>";
		};
		F859B9E32C92E47B004991CD /* AppStoreTests */ = {
			isa = PBXGroup;
			children = (
				F859B9E42C92E47B004991CD /* AppStoreTests.swift */,
			);
			path = AppStoreTests;
			sourceTree = "<group>";
		};
		F859B9ED2C92E47B004991CD /* AppStoreUITests */ = {
			isa = PBXGroup;
			children = (
				F859B9EE2C92E47B004991CD /* AppStoreUITests.swift */,
				F859B9F02C92E47B004991CD /* AppStoreUITestsLaunchTests.swift */,
			);
			path = AppStoreUITests;
			sourceTree = "<group>";
		};
		F859B9FD2C92E542004991CD /* Data */ = {
			isa = PBXGroup;
			children = (
				F859BAD72C93FD62004991CD /* Repository */,
				F859BAD42C93FCB5004991CD /* UserDefaults */,
				F859B9FE2C92E639004991CD /* Network */,
			);
			path = Data;
			sourceTree = "<group>";
		};
		F859B9FE2C92E639004991CD /* Network */ = {
			isa = PBXGroup;
			children = (
				F859B9FF2C92E644004991CD /* NetworkManager.swift */,
				F859BA172C92E7FE004991CD /* AppNetwork.swift */,
			);
			path = Network;
			sourceTree = "<group>";
		};
		F859BA102C92E763004991CD /* Domain */ = {
			isa = PBXGroup;
			children = (
				F859BADD2C93FF61004991CD /* Usecase */,
				F859BADA2C93FF23004991CD /* RepositoryProtocol */,
				F859BA142C92E774004991CD /* Entity */,
			);
			path = Domain;
			sourceTree = "<group>";
		};
		F859BA112C92E768004991CD /* Error */ = {
			isa = PBXGroup;
			children = (
				F859BA122C92E770004991CD /* NetworkError.swift */,
			);
			path = Error;
			sourceTree = "<group>";
		};
		F859BA142C92E774004991CD /* Entity */ = {
			isa = PBXGroup;
			children = (
				F859BA1C2C92EBB9004991CD /* App */,
				F859BA112C92E768004991CD /* Error */,
				F859BA152C92E7C5004991CD /* NetworkResponse.swift */,
			);
			path = Entity;
			sourceTree = "<group>";
		};
		F859BA1C2C92EBB9004991CD /* App */ = {
			isa = PBXGroup;
			children = (
				F859BA192C92EB61004991CD /* AppListItem.swift */,
				F859BA1D2C92EBCF004991CD /* AppDetailItem.swift */,
			);
			path = App;
			sourceTree = "<group>";
		};
		F859BA252C92ED2D004991CD /* Frameworks */ = {
			isa = PBXGroup;
			children = (
			);
			name = Frameworks;
			sourceTree = "<group>";
		};
		F859BAD42C93FCB5004991CD /* UserDefaults */ = {
			isa = PBXGroup;
			children = (
				F859BAD52C93FCEF004991CD /* UserDefaultValues.swift */,
			);
			path = UserDefaults;
			sourceTree = "<group>";
		};
		F859BAD72C93FD62004991CD /* Repository */ = {
			isa = PBXGroup;
			children = (
				F859BAD82C93FD6F004991CD /* AppRepository.swift */,
			);
			path = Repository;
			sourceTree = "<group>";
		};
		F859BADA2C93FF23004991CD /* RepositoryProtocol */ = {
			isa = PBXGroup;
			children = (
				F859BADB2C93FF36004991CD /* AppRepositoryProtocol.swift */,
			);
			path = RepositoryProtocol;
			sourceTree = "<group>";
		};
		F859BADD2C93FF61004991CD /* Usecase */ = {
			isa = PBXGroup;
			children = (
				F859BADE2C93FF76004991CD /* AppSearchUsecase.swift */,
			);
			path = Usecase;
			sourceTree = "<group>";
		};
		F859BAE02C940491004991CD /* Presentation */ = {
			isa = PBXGroup;
			children = (
				F859BAE32C9416E5004991CD /* View */,
				F859B9D12C92E478004991CD /* AppListViewController.swift */,
				F859BAE12C9404A2004991CD /* AppListViewModel.swift */,
			);
			path = Presentation;
			sourceTree = "<group>";
		};
		F859BAE32C9416E5004991CD /* View */ = {
			isa = PBXGroup;
			children = (
				F859BAE62C94247F004991CD /* TableViewCell */,
				F859BAE42C9416EF004991CD /* SearchTextField.swift */,
			);
			path = View;
			sourceTree = "<group>";
		};
		F859BAE62C94247F004991CD /* TableViewCell */ = {
			isa = PBXGroup;
			children = (
				F859BAE72C942497004991CD /* QueryListItemTableViewCell.swift */,
				F859BB0F2C943654004991CD /* QueryListItemHeaderTableViewCell.swift */,
				F8F71E052C9523D7006795D3 /* FilteredQueryListItemTableViewCell.swift */,
			);
			path = TableViewCell;
			sourceTree = "<group>";
		};
/* End PBXGroup section */

/* Begin PBXNativeTarget section */
		F859B9C92C92E478004991CD /* AppStore */ = {
			isa = PBXNativeTarget;
			buildConfigurationList = F859B9F42C92E47B004991CD /* Build configuration list for PBXNativeTarget "AppStore" */;
			buildPhases = (
				F859B9C62C92E478004991CD /* Sources */,
				F859B9C72C92E478004991CD /* Frameworks */,
				F859B9C82C92E478004991CD /* Resources */,
				F859BA2B2C92ED73004991CD /* Embed Frameworks */,
			);
			buildRules = (
			);
			dependencies = (
			);
			name = AppStore;
			packageProductDependencies = (
				F859BA322C92EE26004991CD /* RxSwift */,
				F859BA342C92EE2B004991CD /* RxCocoa */,
				F859BA362C92EE2D004991CD /* RxRelay */,
				F859BA382C92EE37004991CD /* Alamofire */,
				F859BA3A2C92EE3A004991CD /* SnapKit */,
			);
			productName = AppStore;
			productReference = F859B9CA2C92E478004991CD /* AppStore.app */;
			productType = "com.apple.product-type.application";
		};
		F859B9DF2C92E47B004991CD /* AppStoreTests */ = {
			isa = PBXNativeTarget;
			buildConfigurationList = F859B9F72C92E47B004991CD /* Build configuration list for PBXNativeTarget "AppStoreTests" */;
			buildPhases = (
				F859B9DC2C92E47B004991CD /* Sources */,
				F859B9DD2C92E47B004991CD /* Frameworks */,
				F859B9DE2C92E47B004991CD /* Resources */,
			);
			buildRules = (
			);
			dependencies = (
				F859B9E22C92E47B004991CD /* PBXTargetDependency */,
			);
			name = AppStoreTests;
			productName = AppStoreTests;
			productReference = F859B9E02C92E47B004991CD /* AppStoreTests.xctest */;
			productType = "com.apple.product-type.bundle.unit-test";
		};
		F859B9E92C92E47B004991CD /* AppStoreUITests */ = {
			isa = PBXNativeTarget;
			buildConfigurationList = F859B9FA2C92E47B004991CD /* Build configuration list for PBXNativeTarget "AppStoreUITests" */;
			buildPhases = (
				F859B9E62C92E47B004991CD /* Sources */,
				F859B9E72C92E47B004991CD /* Frameworks */,
				F859B9E82C92E47B004991CD /* Resources */,
			);
			buildRules = (
			);
			dependencies = (
				F859B9EC2C92E47B004991CD /* PBXTargetDependency */,
			);
			name = AppStoreUITests;
			productName = AppStoreUITests;
			productReference = F859B9EA2C92E47B004991CD /* AppStoreUITests.xctest */;
			productType = "com.apple.product-type.bundle.ui-testing";
		};
/* End PBXNativeTarget section */

/* Begin PBXProject section */
		F859B9C22C92E478004991CD /* Project object */ = {
			isa = PBXProject;
			attributes = {
				BuildIndependentTargetsInParallel = 1;
				LastSwiftUpdateCheck = 1540;
				LastUpgradeCheck = 1540;
				TargetAttributes = {
					F859B9C92C92E478004991CD = {
						CreatedOnToolsVersion = 15.4;
					};
					F859B9DF2C92E47B004991CD = {
						CreatedOnToolsVersion = 15.4;
						TestTargetID = F859B9C92C92E478004991CD;
					};
					F859B9E92C92E47B004991CD = {
						CreatedOnToolsVersion = 15.4;
						TestTargetID = F859B9C92C92E478004991CD;
					};
				};
			};
			buildConfigurationList = F859B9C52C92E478004991CD /* Build configuration list for PBXProject "AppStore" */;
			compatibilityVersion = "Xcode 14.0";
			developmentRegion = en;
			hasScannedForEncodings = 0;
			knownRegions = (
				en,
				Base,
			);
			mainGroup = F859B9C12C92E478004991CD;
			packageReferences = (
				F859BA012C92E6C7004991CD /* XCRemoteSwiftPackageReference "Alamofire" */,
				F859BA062C92E6E2004991CD /* XCRemoteSwiftPackageReference "RxSwift" */,
				F859BA0D2C92E6EE004991CD /* XCRemoteSwiftPackageReference "SnapKit" */,
			);
			productRefGroup = F859B9CB2C92E478004991CD /* Products */;
			projectDirPath = "";
			projectRoot = "";
			targets = (
				F859B9C92C92E478004991CD /* AppStore */,
				F859B9DF2C92E47B004991CD /* AppStoreTests */,
				F859B9E92C92E47B004991CD /* AppStoreUITests */,
			);
		};
/* End PBXProject section */

/* Begin PBXResourcesBuildPhase section */
		F859B9C82C92E478004991CD /* Resources */ = {
			isa = PBXResourcesBuildPhase;
			buildActionMask = 2147483647;
			files = (
				F859B9D72C92E47A004991CD /* Assets.xcassets in Resources */,
			);
			runOnlyForDeploymentPostprocessing = 0;
		};
		F859B9DE2C92E47B004991CD /* Resources */ = {
			isa = PBXResourcesBuildPhase;
			buildActionMask = 2147483647;
			files = (
			);
			runOnlyForDeploymentPostprocessing = 0;
		};
		F859B9E82C92E47B004991CD /* Resources */ = {
			isa = PBXResourcesBuildPhase;
			buildActionMask = 2147483647;
			files = (
			);
			runOnlyForDeploymentPostprocessing = 0;
		};
/* End PBXResourcesBuildPhase section */

/* Begin PBXSourcesBuildPhase section */
		F859B9C62C92E478004991CD /* Sources */ = {
			isa = PBXSourcesBuildPhase;
			buildActionMask = 2147483647;
			files = (
				F859BAE22C9404A2004991CD /* AppListViewModel.swift in Sources */,
				F859BA1A2C92EB61004991CD /* AppListItem.swift in Sources */,
				F859BA002C92E644004991CD /* NetworkManager.swift in Sources */,
				F859BA1E2C92EBCF004991CD /* AppDetailItem.swift in Sources */,
				F859BA132C92E770004991CD /* NetworkError.swift in Sources */,
				F859BB102C943654004991CD /* QueryListItemHeaderTableViewCell.swift in Sources */,
				F8F71E062C9523D7006795D3 /* FilteredQueryListItemTableViewCell.swift in Sources */,
				F859BAE52C9416EF004991CD /* SearchTextField.swift in Sources */,
				F859BADF2C93FF76004991CD /* AppSearchUsecase.swift in Sources */,
				F859B9D22C92E478004991CD /* AppListViewController.swift in Sources */,
				F859BADC2C93FF36004991CD /* AppRepositoryProtocol.swift in Sources */,
				F859BA182C92E7FE004991CD /* AppNetwork.swift in Sources */,
				F859B9CE2C92E478004991CD /* AppDelegate.swift in Sources */,
				F859B9D02C92E478004991CD /* SceneDelegate.swift in Sources */,
				F859BAD92C93FD6F004991CD /* AppRepository.swift in Sources */,
				F859BAD62C93FCEF004991CD /* UserDefaultValues.swift in Sources */,
				F859BAE82C942497004991CD /* QueryListItemTableViewCell.swift in Sources */,
				F859BA162C92E7C5004991CD /* NetworkResponse.swift in Sources */,
			);
			runOnlyForDeploymentPostprocessing = 0;
		};
		F859B9DC2C92E47B004991CD /* Sources */ = {
			isa = PBXSourcesBuildPhase;
			buildActionMask = 2147483647;
			files = (
				F859B9E52C92E47B004991CD /* AppStoreTests.swift in Sources */,
			);
			runOnlyForDeploymentPostprocessing = 0;
		};
		F859B9E62C92E47B004991CD /* Sources */ = {
			isa = PBXSourcesBuildPhase;
			buildActionMask = 2147483647;
			files = (
				F859B9F12C92E47B004991CD /* AppStoreUITestsLaunchTests.swift in Sources */,
				F859B9EF2C92E47B004991CD /* AppStoreUITests.swift in Sources */,
			);
			runOnlyForDeploymentPostprocessing = 0;
		};
/* End PBXSourcesBuildPhase section */

/* Begin PBXTargetDependency section */
		F859B9E22C92E47B004991CD /* PBXTargetDependency */ = {
			isa = PBXTargetDependency;
			target = F859B9C92C92E478004991CD /* AppStore */;
			targetProxy = F859B9E12C92E47B004991CD /* PBXContainerItemProxy */;
		};
		F859B9EC2C92E47B004991CD /* PBXTargetDependency */ = {
			isa = PBXTargetDependency;
			target = F859B9C92C92E478004991CD /* AppStore */;
			targetProxy = F859B9EB2C92E47B004991CD /* PBXContainerItemProxy */;
		};
/* End PBXTargetDependency section */

/* Begin XCBuildConfiguration section */
		F859B9F22C92E47B004991CD /* Debug */ = {
			isa = XCBuildConfiguration;
			buildSettings = {
				ALWAYS_SEARCH_USER_PATHS = NO;
				ASSETCATALOG_COMPILER_GENERATE_SWIFT_ASSET_SYMBOL_EXTENSIONS = YES;
				CLANG_ANALYZER_NONNULL = YES;
				CLANG_ANALYZER_NUMBER_OBJECT_CONVERSION = YES_AGGRESSIVE;
				CLANG_CXX_LANGUAGE_STANDARD = "gnu++20";
				CLANG_ENABLE_MODULES = YES;
				CLANG_ENABLE_OBJC_ARC = YES;
				CLANG_ENABLE_OBJC_WEAK = YES;
				CLANG_WARN_BLOCK_CAPTURE_AUTORELEASING = YES;
				CLANG_WARN_BOOL_CONVERSION = YES;
				CLANG_WARN_COMMA = YES;
				CLANG_WARN_CONSTANT_CONVERSION = YES;
				CLANG_WARN_DEPRECATED_OBJC_IMPLEMENTATIONS = YES;
				CLANG_WARN_DIRECT_OBJC_ISA_USAGE = YES_ERROR;
				CLANG_WARN_DOCUMENTATION_COMMENTS = YES;
				CLANG_WARN_EMPTY_BODY = YES;
				CLANG_WARN_ENUM_CONVERSION = YES;
				CLANG_WARN_INFINITE_RECURSION = YES;
				CLANG_WARN_INT_CONVERSION = YES;
				CLANG_WARN_NON_LITERAL_NULL_CONVERSION = YES;
				CLANG_WARN_OBJC_IMPLICIT_RETAIN_SELF = YES;
				CLANG_WARN_OBJC_LITERAL_CONVERSION = YES;
				CLANG_WARN_OBJC_ROOT_CLASS = YES_ERROR;
				CLANG_WARN_QUOTED_INCLUDE_IN_FRAMEWORK_HEADER = YES;
				CLANG_WARN_RANGE_LOOP_ANALYSIS = YES;
				CLANG_WARN_STRICT_PROTOTYPES = YES;
				CLANG_WARN_SUSPICIOUS_MOVE = YES;
				CLANG_WARN_UNGUARDED_AVAILABILITY = YES_AGGRESSIVE;
				CLANG_WARN_UNREACHABLE_CODE = YES;
				CLANG_WARN__DUPLICATE_METHOD_MATCH = YES;
				COPY_PHASE_STRIP = NO;
				DEBUG_INFORMATION_FORMAT = dwarf;
				ENABLE_STRICT_OBJC_MSGSEND = YES;
				ENABLE_TESTABILITY = YES;
				ENABLE_USER_SCRIPT_SANDBOXING = YES;
				GCC_C_LANGUAGE_STANDARD = gnu17;
				GCC_DYNAMIC_NO_PIC = NO;
				GCC_NO_COMMON_BLOCKS = YES;
				GCC_OPTIMIZATION_LEVEL = 0;
				GCC_PREPROCESSOR_DEFINITIONS = (
					"DEBUG=1",
					"$(inherited)",
				);
				GCC_WARN_64_TO_32_BIT_CONVERSION = YES;
				GCC_WARN_ABOUT_RETURN_TYPE = YES_ERROR;
				GCC_WARN_UNDECLARED_SELECTOR = YES;
				GCC_WARN_UNINITIALIZED_AUTOS = YES_AGGRESSIVE;
				GCC_WARN_UNUSED_FUNCTION = YES;
				GCC_WARN_UNUSED_VARIABLE = YES;
				IPHONEOS_DEPLOYMENT_TARGET = 15.0;
				LOCALIZATION_PREFERS_STRING_CATALOGS = YES;
				MTL_ENABLE_DEBUG_INFO = INCLUDE_SOURCE;
				MTL_FAST_MATH = YES;
				ONLY_ACTIVE_ARCH = YES;
				SDKROOT = iphoneos;
				SWIFT_ACTIVE_COMPILATION_CONDITIONS = "DEBUG $(inherited)";
				SWIFT_OPTIMIZATION_LEVEL = "-Onone";
			};
			name = Debug;
		};
		F859B9F32C92E47B004991CD /* Release */ = {
			isa = XCBuildConfiguration;
			buildSettings = {
				ALWAYS_SEARCH_USER_PATHS = NO;
				ASSETCATALOG_COMPILER_GENERATE_SWIFT_ASSET_SYMBOL_EXTENSIONS = YES;
				CLANG_ANALYZER_NONNULL = YES;
				CLANG_ANALYZER_NUMBER_OBJECT_CONVERSION = YES_AGGRESSIVE;
				CLANG_CXX_LANGUAGE_STANDARD = "gnu++20";
				CLANG_ENABLE_MODULES = YES;
				CLANG_ENABLE_OBJC_ARC = YES;
				CLANG_ENABLE_OBJC_WEAK = YES;
				CLANG_WARN_BLOCK_CAPTURE_AUTORELEASING = YES;
				CLANG_WARN_BOOL_CONVERSION = YES;
				CLANG_WARN_COMMA = YES;
				CLANG_WARN_CONSTANT_CONVERSION = YES;
				CLANG_WARN_DEPRECATED_OBJC_IMPLEMENTATIONS = YES;
				CLANG_WARN_DIRECT_OBJC_ISA_USAGE = YES_ERROR;
				CLANG_WARN_DOCUMENTATION_COMMENTS = YES;
				CLANG_WARN_EMPTY_BODY = YES;
				CLANG_WARN_ENUM_CONVERSION = YES;
				CLANG_WARN_INFINITE_RECURSION = YES;
				CLANG_WARN_INT_CONVERSION = YES;
				CLANG_WARN_NON_LITERAL_NULL_CONVERSION = YES;
				CLANG_WARN_OBJC_IMPLICIT_RETAIN_SELF = YES;
				CLANG_WARN_OBJC_LITERAL_CONVERSION = YES;
				CLANG_WARN_OBJC_ROOT_CLASS = YES_ERROR;
				CLANG_WARN_QUOTED_INCLUDE_IN_FRAMEWORK_HEADER = YES;
				CLANG_WARN_RANGE_LOOP_ANALYSIS = YES;
				CLANG_WARN_STRICT_PROTOTYPES = YES;
				CLANG_WARN_SUSPICIOUS_MOVE = YES;
				CLANG_WARN_UNGUARDED_AVAILABILITY = YES_AGGRESSIVE;
				CLANG_WARN_UNREACHABLE_CODE = YES;
				CLANG_WARN__DUPLICATE_METHOD_MATCH = YES;
				COPY_PHASE_STRIP = NO;
				DEBUG_INFORMATION_FORMAT = "dwarf-with-dsym";
				ENABLE_NS_ASSERTIONS = NO;
				ENABLE_STRICT_OBJC_MSGSEND = YES;
				ENABLE_USER_SCRIPT_SANDBOXING = YES;
				GCC_C_LANGUAGE_STANDARD = gnu17;
				GCC_NO_COMMON_BLOCKS = YES;
				GCC_WARN_64_TO_32_BIT_CONVERSION = YES;
				GCC_WARN_ABOUT_RETURN_TYPE = YES_ERROR;
				GCC_WARN_UNDECLARED_SELECTOR = YES;
				GCC_WARN_UNINITIALIZED_AUTOS = YES_AGGRESSIVE;
				GCC_WARN_UNUSED_FUNCTION = YES;
				GCC_WARN_UNUSED_VARIABLE = YES;
				IPHONEOS_DEPLOYMENT_TARGET = 15.0;
				LOCALIZATION_PREFERS_STRING_CATALOGS = YES;
				MTL_ENABLE_DEBUG_INFO = NO;
				MTL_FAST_MATH = YES;
				SDKROOT = iphoneos;
				SWIFT_COMPILATION_MODE = wholemodule;
				VALIDATE_PRODUCT = YES;
			};
			name = Release;
		};
		F859B9F52C92E47B004991CD /* Debug */ = {
			isa = XCBuildConfiguration;
			buildSettings = {
				ASSETCATALOG_COMPILER_APPICON_NAME = AppIcon;
				ASSETCATALOG_COMPILER_GLOBAL_ACCENT_COLOR_NAME = AccentColor;
				CODE_SIGN_STYLE = Automatic;
				CURRENT_PROJECT_VERSION = 1;
				DEVELOPMENT_TEAM = L3B9L4FDBB;
				GENERATE_INFOPLIST_FILE = YES;
				INFOPLIST_FILE = AppStore/Info.plist;
				INFOPLIST_KEY_UIApplicationSupportsIndirectInputEvents = YES;
				INFOPLIST_KEY_UILaunchStoryboardName = LaunchScreen;
				INFOPLIST_KEY_UISupportedInterfaceOrientations_iPad = "UIInterfaceOrientationPortrait UIInterfaceOrientationPortraitUpsideDown UIInterfaceOrientationLandscapeLeft UIInterfaceOrientationLandscapeRight";
				INFOPLIST_KEY_UISupportedInterfaceOrientations_iPhone = "UIInterfaceOrientationPortrait UIInterfaceOrientationLandscapeLeft UIInterfaceOrientationLandscapeRight";
				IPHONEOS_DEPLOYMENT_TARGET = 15;
				LD_RUNPATH_SEARCH_PATHS = (
					"$(inherited)",
					"@executable_path/Frameworks",
				);
				MARKETING_VERSION = 1.0;
				PRODUCT_BUNDLE_IDENTIFIER = inc.simonkang.AppStore;
				PRODUCT_NAME = "$(TARGET_NAME)";
				SWIFT_EMIT_LOC_STRINGS = YES;
				SWIFT_VERSION = 5.0;
				TARGETED_DEVICE_FAMILY = "1,2";
			};
			name = Debug;
		};
		F859B9F62C92E47B004991CD /* Release */ = {
			isa = XCBuildConfiguration;
			buildSettings = {
				ASSETCATALOG_COMPILER_APPICON_NAME = AppIcon;
				ASSETCATALOG_COMPILER_GLOBAL_ACCENT_COLOR_NAME = AccentColor;
				CODE_SIGN_STYLE = Automatic;
				CURRENT_PROJECT_VERSION = 1;
				DEVELOPMENT_TEAM = L3B9L4FDBB;
				GENERATE_INFOPLIST_FILE = YES;
				INFOPLIST_FILE = AppStore/Info.plist;
				INFOPLIST_KEY_UIApplicationSupportsIndirectInputEvents = YES;
				INFOPLIST_KEY_UILaunchStoryboardName = LaunchScreen;
				INFOPLIST_KEY_UISupportedInterfaceOrientations_iPad = "UIInterfaceOrientationPortrait UIInterfaceOrientationPortraitUpsideDown UIInterfaceOrientationLandscapeLeft UIInterfaceOrientationLandscapeRight";
				INFOPLIST_KEY_UISupportedInterfaceOrientations_iPhone = "UIInterfaceOrientationPortrait UIInterfaceOrientationLandscapeLeft UIInterfaceOrientationLandscapeRight";
				IPHONEOS_DEPLOYMENT_TARGET = 15;
				LD_RUNPATH_SEARCH_PATHS = (
					"$(inherited)",
					"@executable_path/Frameworks",
				);
				MARKETING_VERSION = 1.0;
				PRODUCT_BUNDLE_IDENTIFIER = inc.simonkang.AppStore;
				PRODUCT_NAME = "$(TARGET_NAME)";
				SWIFT_EMIT_LOC_STRINGS = YES;
				SWIFT_VERSION = 5.0;
				TARGETED_DEVICE_FAMILY = "1,2";
			};
			name = Release;
		};
		F859B9F82C92E47B004991CD /* Debug */ = {
			isa = XCBuildConfiguration;
			buildSettings = {
				ALWAYS_EMBED_SWIFT_STANDARD_LIBRARIES = YES;
				BUNDLE_LOADER = "$(TEST_HOST)";
				CODE_SIGN_STYLE = Automatic;
				CURRENT_PROJECT_VERSION = 1;
				DEVELOPMENT_TEAM = L3B9L4FDBB;
				GENERATE_INFOPLIST_FILE = YES;
				IPHONEOS_DEPLOYMENT_TARGET = 17.5;
				MARKETING_VERSION = 1.0;
				PRODUCT_BUNDLE_IDENTIFIER = inc.simonkang.AppStoreTests;
				PRODUCT_NAME = "$(TARGET_NAME)";
				SWIFT_EMIT_LOC_STRINGS = NO;
				SWIFT_VERSION = 5.0;
				TARGETED_DEVICE_FAMILY = "1,2";
				TEST_HOST = "$(BUILT_PRODUCTS_DIR)/AppStore.app/$(BUNDLE_EXECUTABLE_FOLDER_PATH)/AppStore";
			};
			name = Debug;
		};
		F859B9F92C92E47B004991CD /* Release */ = {
			isa = XCBuildConfiguration;
			buildSettings = {
				ALWAYS_EMBED_SWIFT_STANDARD_LIBRARIES = YES;
				BUNDLE_LOADER = "$(TEST_HOST)";
				CODE_SIGN_STYLE = Automatic;
				CURRENT_PROJECT_VERSION = 1;
				DEVELOPMENT_TEAM = L3B9L4FDBB;
				GENERATE_INFOPLIST_FILE = YES;
				IPHONEOS_DEPLOYMENT_TARGET = 17.5;
				MARKETING_VERSION = 1.0;
				PRODUCT_BUNDLE_IDENTIFIER = inc.simonkang.AppStoreTests;
				PRODUCT_NAME = "$(TARGET_NAME)";
				SWIFT_EMIT_LOC_STRINGS = NO;
				SWIFT_VERSION = 5.0;
				TARGETED_DEVICE_FAMILY = "1,2";
				TEST_HOST = "$(BUILT_PRODUCTS_DIR)/AppStore.app/$(BUNDLE_EXECUTABLE_FOLDER_PATH)/AppStore";
			};
			name = Release;
		};
		F859B9FB2C92E47B004991CD /* Debug */ = {
			isa = XCBuildConfiguration;
			buildSettings = {
				ALWAYS_EMBED_SWIFT_STANDARD_LIBRARIES = YES;
				CODE_SIGN_STYLE = Automatic;
				CURRENT_PROJECT_VERSION = 1;
				DEVELOPMENT_TEAM = L3B9L4FDBB;
				GENERATE_INFOPLIST_FILE = YES;
				MARKETING_VERSION = 1.0;
				PRODUCT_BUNDLE_IDENTIFIER = inc.simonkang.AppStoreUITests;
				PRODUCT_NAME = "$(TARGET_NAME)";
				SWIFT_EMIT_LOC_STRINGS = NO;
				SWIFT_VERSION = 5.0;
				TARGETED_DEVICE_FAMILY = "1,2";
				TEST_TARGET_NAME = AppStore;
			};
			name = Debug;
		};
		F859B9FC2C92E47B004991CD /* Release */ = {
			isa = XCBuildConfiguration;
			buildSettings = {
				ALWAYS_EMBED_SWIFT_STANDARD_LIBRARIES = YES;
				CODE_SIGN_STYLE = Automatic;
				CURRENT_PROJECT_VERSION = 1;
				DEVELOPMENT_TEAM = L3B9L4FDBB;
				GENERATE_INFOPLIST_FILE = YES;
				MARKETING_VERSION = 1.0;
				PRODUCT_BUNDLE_IDENTIFIER = inc.simonkang.AppStoreUITests;
				PRODUCT_NAME = "$(TARGET_NAME)";
				SWIFT_EMIT_LOC_STRINGS = NO;
				SWIFT_VERSION = 5.0;
				TARGETED_DEVICE_FAMILY = "1,2";
				TEST_TARGET_NAME = AppStore;
			};
			name = Release;
		};
/* End XCBuildConfiguration section */

/* Begin XCConfigurationList section */
		F859B9C52C92E478004991CD /* Build configuration list for PBXProject "AppStore" */ = {
			isa = XCConfigurationList;
			buildConfigurations = (
				F859B9F22C92E47B004991CD /* Debug */,
				F859B9F32C92E47B004991CD /* Release */,
			);
			defaultConfigurationIsVisible = 0;
			defaultConfigurationName = Release;
		};
		F859B9F42C92E47B004991CD /* Build configuration list for PBXNativeTarget "AppStore" */ = {
			isa = XCConfigurationList;
			buildConfigurations = (
				F859B9F52C92E47B004991CD /* Debug */,
				F859B9F62C92E47B004991CD /* Release */,
			);
			defaultConfigurationIsVisible = 0;
			defaultConfigurationName = Release;
		};
		F859B9F72C92E47B004991CD /* Build configuration list for PBXNativeTarget "AppStoreTests" */ = {
			isa = XCConfigurationList;
			buildConfigurations = (
				F859B9F82C92E47B004991CD /* Debug */,
				F859B9F92C92E47B004991CD /* Release */,
			);
			defaultConfigurationIsVisible = 0;
			defaultConfigurationName = Release;
		};
		F859B9FA2C92E47B004991CD /* Build configuration list for PBXNativeTarget "AppStoreUITests" */ = {
			isa = XCConfigurationList;
			buildConfigurations = (
				F859B9FB2C92E47B004991CD /* Debug */,
				F859B9FC2C92E47B004991CD /* Release */,
			);
			defaultConfigurationIsVisible = 0;
			defaultConfigurationName = Release;
		};
/* End XCConfigurationList section */

/* Begin XCRemoteSwiftPackageReference section */
		F859BA012C92E6C7004991CD /* XCRemoteSwiftPackageReference "Alamofire" */ = {
			isa = XCRemoteSwiftPackageReference;
			repositoryURL = "https://github.com/Alamofire/Alamofire.git";
			requirement = {
				kind = upToNextMajorVersion;
				minimumVersion = 5.9.1;
			};
		};
		F859BA062C92E6E2004991CD /* XCRemoteSwiftPackageReference "RxSwift" */ = {
			isa = XCRemoteSwiftPackageReference;
			repositoryURL = "https://github.com/ReactiveX/RxSwift.git";
			requirement = {
				kind = upToNextMajorVersion;
				minimumVersion = 6.7.1;
			};
		};
		F859BA0D2C92E6EE004991CD /* XCRemoteSwiftPackageReference "SnapKit" */ = {
			isa = XCRemoteSwiftPackageReference;
			repositoryURL = "https://github.com/SnapKit/SnapKit.git";
			requirement = {
				kind = upToNextMajorVersion;
				minimumVersion = 5.7.1;
			};
		};
/* End XCRemoteSwiftPackageReference section */

/* Begin XCSwiftPackageProductDependency section */
		F859BA322C92EE26004991CD /* RxSwift */ = {
			isa = XCSwiftPackageProductDependency;
			package = F859BA062C92E6E2004991CD /* XCRemoteSwiftPackageReference "RxSwift" */;
			productName = RxSwift;
		};
		F859BA342C92EE2B004991CD /* RxCocoa */ = {
			isa = XCSwiftPackageProductDependency;
			package = F859BA062C92E6E2004991CD /* XCRemoteSwiftPackageReference "RxSwift" */;
			productName = RxCocoa;
		};
		F859BA362C92EE2D004991CD /* RxRelay */ = {
			isa = XCSwiftPackageProductDependency;
			package = F859BA062C92E6E2004991CD /* XCRemoteSwiftPackageReference "RxSwift" */;
			productName = RxRelay;
		};
		F859BA382C92EE37004991CD /* Alamofire */ = {
			isa = XCSwiftPackageProductDependency;
			package = F859BA012C92E6C7004991CD /* XCRemoteSwiftPackageReference "Alamofire" */;
			productName = Alamofire;
		};
		F859BA3A2C92EE3A004991CD /* SnapKit */ = {
			isa = XCSwiftPackageProductDependency;
			package = F859BA0D2C92E6EE004991CD /* XCRemoteSwiftPackageReference "SnapKit" */;
			productName = SnapKit;
		};
/* End XCSwiftPackageProductDependency section */
	};
	rootObject = F859B9C22C92E478004991CD /* Project object */;
}
